
Microsoft Visual Studio Solution File, Format Version 12.00
# Visual Studio Version 16
VisualStudioVersion = 16.0.29009.5
MinimumVisualStudioVersion = 10.0.40219.1
Project("{9A19103F-16F7-4668-BE54-9A1E7A4F7556}") = "xLiAd.DapperEx.MsSql.Core", "xLiAd.DapperEx.MsSql.Core\xLiAd.DapperEx.MsSql.Core.csproj", "{D2ABD0E9-582E-4E89-8EF1-0167D519FB64}"
EndProject
Project("{9A19103F-16F7-4668-BE54-9A1E7A4F7556}") = "xLiAd.DapperEx.Repository", "xLiAd.DapperEx.Repository\xLiAd.DapperEx.Repository.csproj", "{7BE7446E-F9AD-4A83-A72F-78EA1DB54BE3}"
EndProject
Project("{9A19103F-16F7-4668-BE54-9A1E7A4F7556}") = "xLiAd.DapperEx.QueryHelper", "xLiAd.DapperEx.QueryHelper\xLiAd.DapperEx.QueryHelper.csproj", "{7A83912E-F73E-4429-9BAC-24BF01C74B5B}"
EndProject
Project("{9A19103F-16F7-4668-BE54-9A1E7A4F7556}") = "xLiAd.DapperEx.RepositoryPg", "xLiAd.DapperEx.RepositoryPg\xLiAd.DapperEx.RepositoryPg.csproj", "{4AB3BD61-DB43-4E83-AF1A-54194077CB0F}"
EndProject
Project("{2150E333-8FDC-42A3-9474-1A3956D46DE8}") = "Tests", "Tests", "{41C314FA-0B0F-44B1-8193-512D52D0CB28}"
EndProject
Project("{9A19103F-16F7-4668-BE54-9A1E7A4F7556}") = "xLiad.DapperEx.Repository.Test", "xLiad.DapperEx.Repository.Test\xLiad.DapperEx.Repository.Test.csproj", "{D8F996AB-A63A-4ABC-BBC0-1E196014BBF2}"
EndProject
Project("{9A19103F-16F7-4668-BE54-9A1E7A4F7556}") = "xLiad.DapperEx.PostgreSql.Test", "xLiad.DapperEx.PostgreSql.Test\xLiad.DapperEx.PostgreSql.Test.csproj", "{7BACA0A3-D1F6-47CE-9F36-F51DDA69715D}"
EndProject
Project("{9A19103F-16F7-4668-BE54-9A1E7A4F7556}") = "xLiAd.DapperEx.RepositoryMysql", "xLiAd.DapperEx.RepositoryMysql\xLiAd.DapperEx.RepositoryMysql.csproj", "{D7B1603A-67B2-4356-9521-364C24B0740C}"
EndProject
Project("{9A19103F-16F7-4668-BE54-9A1E7A4F7556}") = "xLiad.DapperEx.Mysql.Test", "xLiad.DapperEx.Mysql.Test\xLiad.DapperEx.Mysql.Test.csproj", "{4867C7F6-1101-4D89-95F4-11670B2BF65A}"
EndProject
Project("{9A19103F-16F7-4668-BE54-9A1E7A4F7556}") = "xLiAd.DapperEx.RepositoryOracle", "xLiAd.DapperEx.RepositoryOracle\xLiAd.DapperEx.RepositoryOracle.csproj", "{1B0B7E8B-D2AF-4D35-AB6C-F2F5C315D4A9}"
EndProject
Project("{9A19103F-16F7-4668-BE54-9A1E7A4F7556}") = "xLiad.DapperEx.Oracle.Test", "xLiad.DapperEx.Oracle.Test\xLiad.DapperEx.Oracle.Test.csproj", "{D5E7FB5B-A68F-4B4B-849D-CE0E9AD3EE93}"
EndProject
Project("{FAE04EC0-301F-11D3-BF4B-00C04F79EFBC}") = "xLiad.DapperEx.Repository.TestFramework", "xLiad.DapperEx.Repository.TestFramework\xLiad.DapperEx.Repository.TestFramework.csproj", "{BE523992-26AD-4095-8201-8A868691CC37}"
EndProject
Project("{FAE04EC0-301F-11D3-BF4B-00C04F79EFBC}") = "xLiad.DapperEx.TestofRecord", "xLiad.DapperEx.TestofRecord\xLiad.DapperEx.TestofRecord.csproj", "{FA5697CF-07DE-4B4C-B90D-8990157AE748}"
EndProject
Global
	GlobalSection(SolutionConfigurationPlatforms) = preSolution
		Debug|Any CPU = Debug|Any CPU
		Release|Any CPU = Release|Any CPU
	EndGlobalSection
	GlobalSection(ProjectConfigurationPlatforms) = postSolution
		{D2ABD0E9-582E-4E89-8EF1-0167D519FB64}.Debug|Any CPU.ActiveCfg = Debug|Any CPU
		{D2ABD0E9-582E-4E89-8EF1-0167D519FB64}.Debug|Any CPU.Build.0 = Debug|Any CPU
		{D2ABD0E9-582E-4E89-8EF1-0167D519FB64}.Release|Any CPU.ActiveCfg = Release|Any CPU
		{D2ABD0E9-582E-4E89-8EF1-0167D519FB64}.Release|Any CPU.Build.0 = Release|Any CPU
		{7BE7446E-F9AD-4A83-A72F-78EA1DB54BE3}.Debug|Any CPU.ActiveCfg = Debug|Any CPU
		{7BE7446E-F9AD-4A83-A72F-78EA1DB54BE3}.Debug|Any CPU.Build.0 = Debug|Any CPU
		{7BE7446E-F9AD-4A83-A72F-78EA1DB54BE3}.Release|Any CPU.ActiveCfg = Release|Any CPU
		{7BE7446E-F9AD-4A83-A72F-78EA1DB54BE3}.Release|Any CPU.Build.0 = Release|Any CPU
		{7A83912E-F73E-4429-9BAC-24BF01C74B5B}.Debug|Any CPU.ActiveCfg = Debug|Any CPU
		{7A83912E-F73E-4429-9BAC-24BF01C74B5B}.Debug|Any CPU.Build.0 = Debug|Any CPU
		{7A83912E-F73E-4429-9BAC-24BF01C74B5B}.Release|Any CPU.ActiveCfg = Release|Any CPU
		{7A83912E-F73E-4429-9BAC-24BF01C74B5B}.Release|Any CPU.Build.0 = Release|Any CPU
		{4AB3BD61-DB43-4E83-AF1A-54194077CB0F}.Debug|Any CPU.ActiveCfg = Debug|Any CPU
		{4AB3BD61-DB43-4E83-AF1A-54194077CB0F}.Debug|Any CPU.Build.0 = Debug|Any CPU
		{4AB3BD61-DB43-4E83-AF1A-54194077CB0F}.Release|Any CPU.ActiveCfg = Release|Any CPU
		{4AB3BD61-DB43-4E83-AF1A-54194077CB0F}.Release|Any CPU.Build.0 = Release|Any CPU
		{D8F996AB-A63A-4ABC-BBC0-1E196014BBF2}.Debug|Any CPU.ActiveCfg = Debug|Any CPU
		{D8F996AB-A63A-4ABC-BBC0-1E196014BBF2}.Debug|Any CPU.Build.0 = Debug|Any CPU
		{D8F996AB-A63A-4ABC-BBC0-1E196014BBF2}.Release|Any CPU.ActiveCfg = Release|Any CPU
		{D8F996AB-A63A-4ABC-BBC0-1E196014BBF2}.Release|Any CPU.Build.0 = Release|Any CPU
		{7BACA0A3-D1F6-47CE-9F36-F51DDA69715D}.Debug|Any CPU.ActiveCfg = Debug|Any CPU
		{7BACA0A3-D1F6-47CE-9F36-F51DDA69715D}.Debug|Any CPU.Build.0 = Debug|Any CPU
		{7BACA0A3-D1F6-47CE-9F36-F51DDA69715D}.Release|Any CPU.ActiveCfg = Release|Any CPU
		{7BACA0A3-D1F6-47CE-9F36-F51DDA69715D}.Release|Any CPU.Build.0 = Release|Any CPU
		{D7B1603A-67B2-4356-9521-364C24B0740C}.Debug|Any CPU.ActiveCfg = Debug|Any CPU
		{D7B1603A-67B2-4356-9521-364C24B0740C}.Debug|Any CPU.Build.0 = Debug|Any CPU
		{D7B1603A-67B2-4356-9521-364C24B0740C}.Release|Any CPU.ActiveCfg = Release|Any CPU
		{D7B1603A-67B2-4356-9521-364C24B0740C}.Release|Any CPU.Build.0 = Release|Any CPU
		{4867C7F6-1101-4D89-95F4-11670B2BF65A}.Debug|Any CPU.ActiveCfg = Debug|Any CPU
		{4867C7F6-1101-4D89-95F4-11670B2BF65A}.Debug|Any CPU.Build.0 = Debug|Any CPU
		{4867C7F6-1101-4D89-95F4-11670B2BF65A}.Release|Any CPU.ActiveCfg = Release|Any CPU
		{4867C7F6-1101-4D89-95F4-11670B2BF65A}.Release|Any CPU.Build.0 = Release|Any CPU
		{1B0B7E8B-D2AF-4D35-AB6C-F2F5C315D4A9}.Debug|Any CPU.ActiveCfg = Debug|Any CPU
		{1B0B7E8B-D2AF-4D35-AB6C-F2F5C315D4A9}.Debug|Any CPU.Build.0 = Debug|Any CPU
		{1B0B7E8B-D2AF-4D35-AB6C-F2F5C315D4A9}.Release|Any CPU.ActiveCfg = Release|Any CPU
		{1B0B7E8B-D2AF-4D35-AB6C-F2F5C315D4A9}.Release|Any CPU.Build.0 = Release|Any CPU
		{D5E7FB5B-A68F-4B4B-849D-CE0E9AD3EE93}.Debug|Any CPU.ActiveCfg = Debug|Any CPU
		{D5E7FB5B-A68F-4B4B-849D-CE0E9AD3EE93}.Debug|Any CPU.Build.0 = Debug|Any CPU
		{D5E7FB5B-A68F-4B4B-849D-CE0E9AD3EE93}.Release|Any CPU.ActiveCfg = Release|Any CPU
		{D5E7FB5B-A68F-4B4B-849D-CE0E9AD3EE93}.Release|Any CPU.Build.0 = Release|Any CPU
		{BE523992-26AD-4095-8201-8A868691CC37}.Debug|Any CPU.ActiveCfg = Debug|Any CPU
		{BE523992-26AD-4095-8201-8A868691CC37}.Debug|Any CPU.Build.0 = Debug|Any CPU
		{BE523992-26AD-4095-8201-8A868691CC37}.Release|Any CPU.ActiveCfg = Release|Any CPU
		{BE523992-26AD-4095-8201-8A868691CC37}.Release|Any CPU.Build.0 = Release|Any CPU
		{FA5697CF-07DE-4B4C-B90D-8990157AE748}.Debug|Any CPU.ActiveCfg = Debug|Any CPU
		{FA5697CF-07DE-4B4C-B90D-8990157AE748}.Debug|Any CPU.Build.0 = Debug|Any CPU
		{FA5697CF-07DE-4B4C-B90D-8990157AE748}.Release|Any CPU.ActiveCfg = Release|Any CPU
		{FA5697CF-07DE-4B4C-B90D-8990157AE748}.Release|Any CPU.Build.0 = Release|Any CPU
	EndGlobalSection
	GlobalSection(SolutionProperties) = preSolution
		HideSolutionNode = FALSE
	EndGlobalSection
	GlobalSection(NestedProjects) = preSolution
		{D8F996AB-A63A-4ABC-BBC0-1E196014BBF2} = {41C314FA-0B0F-44B1-8193-512D52D0CB28}
		{7BACA0A3-D1F6-47CE-9F36-F51DDA69715D} = {41C314FA-0B0F-44B1-8193-512D52D0CB28}
		{4867C7F6-1101-4D89-95F4-11670B2BF65A} = {41C314FA-0B0F-44B1-8193-512D52D0CB28}
		{D5E7FB5B-A68F-4B4B-849D-CE0E9AD3EE93} = {41C314FA-0B0F-44B1-8193-512D52D0CB28}
		{BE523992-26AD-4095-8201-8A868691CC37} = {41C314FA-0B0F-44B1-8193-512D52D0CB28}
		{FA5697CF-07DE-4B4C-B90D-8990157AE748} = {41C314FA-0B0F-44B1-8193-512D52D0CB28}
	EndGlobalSection
	GlobalSection(ExtensibilityGlobals) = postSolution
		SolutionGuid = {227769BC-3B0D-496D-9C39-FA16BD236A02}
	EndGlobalSection
EndGlobal
