
Microsoft Visual Studio Solution File, Format Version 12.00
# Visual Studio 15
VisualStudioVersion = 15.0.27130.2020
MinimumVisualStudioVersion = 10.0.40219.1
Project("{9A19103F-16F7-4668-BE54-9A1E7A4F7556}") = "xLiAd.DapperEx.MsSql.Core", "xLiAd.DapperEx.MsSql.Core\xLiAd.DapperEx.MsSql.Core.csproj", "{D2ABD0E9-582E-4E89-8EF1-0167D519FB64}"
EndProject
Project("{9A19103F-16F7-4668-BE54-9A1E7A4F7556}") = "xLiAd.DapperEx.Repository", "xLiAd.DapperEx.Repository\xLiAd.DapperEx.Repository.csproj", "{7BE7446E-F9AD-4A83-A72F-78EA1DB54BE3}"
EndProject
Project("{9A19103F-16F7-4668-BE54-9A1E7A4F7556}") = "xLiAd.DapperEx.QueryHelper", "xLiAd.DapperEx.QueryHelper\xLiAd.DapperEx.QueryHelper.csproj", "{7A83912E-F73E-4429-9BAC-24BF01C74B5B}"
EndProject
Project("{9A19103F-16F7-4668-BE54-9A1E7A4F7556}") = "xLiAd.DapperEx.RepositoryPg", "xLiAd.DapperEx.RepositoryPg\xLiAd.DapperEx.RepositoryPg.csproj", "{4AB3BD61-DB43-4E83-AF1A-54194077CB0F}"
EndProject
Project("{2150E333-8FDC-42A3-9474-1A3956D46DE8}") = "Tests", "Tests", "{41C314FA-0B0F-44B1-8193-512D52D0CB28}"
EndProject
Project("{9A19103F-16F7-4668-BE54-9A1E7A4F7556}") = "xLiad.DapperEx.Repository.Test", "xLiad.DapperEx.Repository.Test\xLiad.DapperEx.Repository.Test.csproj", "{D8F996AB-A63A-4ABC-BBC0-1E196014BBF2}"
EndProject
Project("{9A19103F-16F7-4668-BE54-9A1E7A4F7556}") = "xLiad.DapperEx.PostgreSql.Test", "xLiad.DapperEx.PostgreSql.Test\xLiad.DapperEx.PostgreSql.Test.csproj", "{7BACA0A3-D1F6-47CE-9F36-F51DDA69715D}"
EndProject
Global
	GlobalSection(SolutionConfigurationPlatforms) = preSolution
		Debug|Any CPU = Debug|Any CPU
		Release|Any CPU = Release|Any CPU
	EndGlobalSection
	GlobalSection(ProjectConfigurationPlatforms) = postSolution
		{D2ABD0E9-582E-4E89-8EF1-0167D519FB64}.Debug|Any CPU.ActiveCfg = Debug|Any CPU
		{D2ABD0E9-582E-4E89-8EF1-0167D519FB64}.Debug|Any CPU.Build.0 = Debug|Any CPU
		{D2ABD0E9-582E-4E89-8EF1-0167D519FB64}.Release|Any CPU.ActiveCfg = Release|Any CPU
		{D2ABD0E9-582E-4E89-8EF1-0167D519FB64}.Release|Any CPU.Build.0 = Release|Any CPU
		{7BE7446E-F9AD-4A83-A72F-78EA1DB54BE3}.Debug|Any CPU.ActiveCfg = Debug|Any CPU
		{7BE7446E-F9AD-4A83-A72F-78EA1DB54BE3}.Debug|Any CPU.Build.0 = Debug|Any CPU
		{7BE7446E-F9AD-4A83-A72F-78EA1DB54BE3}.Release|Any CPU.ActiveCfg = Release|Any CPU
		{7BE7446E-F9AD-4A83-A72F-78EA1DB54BE3}.Release|Any CPU.Build.0 = Release|Any CPU
		{7A83912E-F73E-4429-9BAC-24BF01C74B5B}.Debug|Any CPU.ActiveCfg = Debug|Any CPU
		{7A83912E-F73E-4429-9BAC-24BF01C74B5B}.Debug|Any CPU.Build.0 = Debug|Any CPU
		{7A83912E-F73E-4429-9BAC-24BF01C74B5B}.Release|Any CPU.ActiveCfg = Release|Any CPU
		{7A83912E-F73E-4429-9BAC-24BF01C74B5B}.Release|Any CPU.Build.0 = Release|Any CPU
		{4AB3BD61-DB43-4E83-AF1A-54194077CB0F}.Debug|Any CPU.ActiveCfg = Debug|Any CPU
		{4AB3BD61-DB43-4E83-AF1A-54194077CB0F}.Debug|Any CPU.Build.0 = Debug|Any CPU
		{4AB3BD61-DB43-4E83-AF1A-54194077CB0F}.Release|Any CPU.ActiveCfg = Release|Any CPU
		{4AB3BD61-DB43-4E83-AF1A-54194077CB0F}.Release|Any CPU.Build.0 = Release|Any CPU
		{D8F996AB-A63A-4ABC-BBC0-1E196014BBF2}.Debug|Any CPU.ActiveCfg = Debug|Any CPU
		{D8F996AB-A63A-4ABC-BBC0-1E196014BBF2}.Debug|Any CPU.Build.0 = Debug|Any CPU
		{D8F996AB-A63A-4ABC-BBC0-1E196014BBF2}.Release|Any CPU.ActiveCfg = Release|Any CPU
		{D8F996AB-A63A-4ABC-BBC0-1E196014BBF2}.Release|Any CPU.Build.0 = Release|Any CPU
		{7BACA0A3-D1F6-47CE-9F36-F51DDA69715D}.Debug|Any CPU.ActiveCfg = Debug|Any CPU
		{7BACA0A3-D1F6-47CE-9F36-F51DDA69715D}.Debug|Any CPU.Build.0 = Debug|Any CPU
		{7BACA0A3-D1F6-47CE-9F36-F51DDA69715D}.Release|Any CPU.ActiveCfg = Release|Any CPU
		{7BACA0A3-D1F6-47CE-9F36-F51DDA69715D}.Release|Any CPU.Build.0 = Release|Any CPU
	EndGlobalSection
	GlobalSection(SolutionProperties) = preSolution
		HideSolutionNode = FALSE
	EndGlobalSection
	GlobalSection(NestedProjects) = preSolution
		{D8F996AB-A63A-4ABC-BBC0-1E196014BBF2} = {41C314FA-0B0F-44B1-8193-512D52D0CB28}
		{7BACA0A3-D1F6-47CE-9F36-F51DDA69715D} = {41C314FA-0B0F-44B1-8193-512D52D0CB28}
	EndGlobalSection
	GlobalSection(ExtensibilityGlobals) = postSolution
		SolutionGuid = {227769BC-3B0D-496D-9C39-FA16BD236A02}
	EndGlobalSection
EndGlobal
